{
  "version": 4,
  "terraform_version": "1.1.4",
  "serial": 47,
  "lineage": "afadc15b-94b2-9977-4767-100f9429c286",
  "outputs": {
    "pet-name": {
      "value": "Mr,alien",
      "type": "string"
    }
  },
  "resources": [
    {
      "mode": "managed",
      "type": "local_file",
      "name": "myfile",
      "provider": "provider[\"registry.terraform.io/hashicorp/local\"]",
      "instances": [
        {
          "schema_version": 0,
          "attributes": {
            "content": "My Favorite pet is Mr,alien",
            "content_base64": null,
            "directory_permission": "0777",
            "file_permission": "0777",
            "filename": "file3.txt",
            "id": "46ed2635a2f752fe6468d9895b1076f565b12ce4",
            "sensitive_content": null,
            "source": null
          },
          "sensitive_attributes": [],
          "private": "bnVsbA==",
          "dependencies": [
            "random_pet.pets"
          ]
        }
      ]
    },
    {
      "mode": "managed",
      "type": "random_pet",
      "name": "pets",
      "provider": "provider[\"registry.terraform.io/hashicorp/random\"]",
      "instances": [
        {
          "schema_version": 0,
          "attributes": {
            "id": "Mr,alien",
            "keepers": null,
            "length": 1,
            "prefix": "Mr",
            "separator": ","
          },
          "sensitive_attributes": [],
          "private": "bnVsbA=="
        }
      ]
    }
  ]
}
